
Microsoft Visual Studio Solution File, Format Version 12.00
# Visual Studio Version 17
VisualStudioVersion = 17.3.32922.545
MinimumVisualStudioVersion = 10.0.40219.1
Project("{FAE04EC0-301F-11D3-BF4B-00C04F79EFBC}") = "PersonalSiteV2.UI.MVC", "PersonalSiteV2.UI.MVC\PersonalSiteV2.UI.MVC.csproj", "{FF0109B0-07EB-4CE5-92C6-9EF5C31A158B}"
EndProject
Global
	GlobalSection(SolutionConfigurationPlatforms) = preSolution
		Debug|Any CPU = Debug|Any CPU
		Release|Any CPU = Release|Any CPU
	EndGlobalSection
	GlobalSection(ProjectConfigurationPlatforms) = postSolution
		{FF0109B0-07EB-4CE5-92C6-9EF5C31A158B}.Debug|Any CPU.ActiveCfg = Debug|Any CPU
		{FF0109B0-07EB-4CE5-92C6-9EF5C31A158B}.Debug|Any CPU.Build.0 = Debug|Any CPU
		{FF0109B0-07EB-4CE5-92C6-9EF5C31A158B}.Release|Any CPU.ActiveCfg = Release|Any CPU
		{FF0109B0-07EB-4CE5-92C6-9EF5C31A158B}.Release|Any CPU.Build.0 = Release|Any CPU
	EndGlobalSection
	GlobalSection(SolutionProperties) = preSolution
		HideSolutionNode = FALSE
	EndGlobalSection
	GlobalSection(ExtensibilityGlobals) = postSolution
		SolutionGuid = {84E541ED-0372-4F12-AA4D-0C07CC3CD1CE}
	EndGlobalSection
EndGlobal
